
Microsoft Visual Studio Solution File, Format Version 12.00
# Visual Studio Version 16
VisualStudioVersion = 16.0.810.11
MinimumVisualStudioVersion = 10.0.40219.1
Project("{FAE04EC0-301F-11D3-BF4B-00C04F79EFBC}") = "InventoryLibrary", "InventoryLibrary\InventoryLibrary.csproj", "{672D5FE1-C4E0-41F8-BD16-EF5220B0EB0D}"
EndProject
Project("{FAE04EC0-301F-11D3-BF4B-00C04F79EFBC}") = "InventoryManager", "InventoryManager\InventoryManager.csproj", "{097C2CB0-17E5-4308-BB7A-ACF8D1D831E2}"
EndProject
Global
	GlobalSection(SolutionConfigurationPlatforms) = preSolution
		Debug|Any CPU = Debug|Any CPU
		Release|Any CPU = Release|Any CPU
	EndGlobalSection
	GlobalSection(ProjectConfigurationPlatforms) = postSolution
		{672D5FE1-C4E0-41F8-BD16-EF5220B0EB0D}.Debug|Any CPU.ActiveCfg = Debug|Any CPU
		{672D5FE1-C4E0-41F8-BD16-EF5220B0EB0D}.Debug|Any CPU.Build.0 = Debug|Any CPU
		{672D5FE1-C4E0-41F8-BD16-EF5220B0EB0D}.Release|Any CPU.ActiveCfg = Release|Any CPU
		{672D5FE1-C4E0-41F8-BD16-EF5220B0EB0D}.Release|Any CPU.Build.0 = Release|Any CPU
		{097C2CB0-17E5-4308-BB7A-ACF8D1D831E2}.Debug|Any CPU.ActiveCfg = Debug|Any CPU
		{097C2CB0-17E5-4308-BB7A-ACF8D1D831E2}.Debug|Any CPU.Build.0 = Debug|Any CPU
		{097C2CB0-17E5-4308-BB7A-ACF8D1D831E2}.Release|Any CPU.ActiveCfg = Release|Any CPU
		{097C2CB0-17E5-4308-BB7A-ACF8D1D831E2}.Release|Any CPU.Build.0 = Release|Any CPU
	EndGlobalSection
	GlobalSection(SolutionProperties) = preSolution
		HideSolutionNode = FALSE
	EndGlobalSection
	GlobalSection(ExtensibilityGlobals) = postSolution
		SolutionGuid = {1D9CA4CD-D7DA-4320-9C0D-91FE36E263E8}
	EndGlobalSection
EndGlobal
