
Microsoft Visual Studio Solution File, Format Version 12.00
# Visual Studio 15
VisualStudioVersion = 15.0.26124.0
MinimumVisualStudioVersion = 15.0.26124.0
Project("{FAE04EC0-301F-11D3-BF4B-00C04F79EFBC}") = "MyMath.Tests", "MyMath.Tests\MyMath.Tests.csproj", "{D0CFCC17-B71E-4B69-93C3-76DA46D18AAE}"
EndProject
Global
	GlobalSection(SolutionConfigurationPlatforms) = preSolution
		Debug|Any CPU = Debug|Any CPU
		Debug|x64 = Debug|x64
		Debug|x86 = Debug|x86
		Release|Any CPU = Release|Any CPU
		Release|x64 = Release|x64
		Release|x86 = Release|x86
	EndGlobalSection
	GlobalSection(SolutionProperties) = preSolution
		HideSolutionNode = FALSE
	EndGlobalSection
	GlobalSection(ProjectConfigurationPlatforms) = postSolution
		{D0CFCC17-B71E-4B69-93C3-76DA46D18AAE}.Debug|Any CPU.ActiveCfg = Debug|Any CPU
		{D0CFCC17-B71E-4B69-93C3-76DA46D18AAE}.Debug|Any CPU.Build.0 = Debug|Any CPU
		{D0CFCC17-B71E-4B69-93C3-76DA46D18AAE}.Debug|x64.ActiveCfg = Debug|Any CPU
		{D0CFCC17-B71E-4B69-93C3-76DA46D18AAE}.Debug|x64.Build.0 = Debug|Any CPU
		{D0CFCC17-B71E-4B69-93C3-76DA46D18AAE}.Debug|x86.ActiveCfg = Debug|Any CPU
		{D0CFCC17-B71E-4B69-93C3-76DA46D18AAE}.Debug|x86.Build.0 = Debug|Any CPU
		{D0CFCC17-B71E-4B69-93C3-76DA46D18AAE}.Release|Any CPU.ActiveCfg = Release|Any CPU
		{D0CFCC17-B71E-4B69-93C3-76DA46D18AAE}.Release|Any CPU.Build.0 = Release|Any CPU
		{D0CFCC17-B71E-4B69-93C3-76DA46D18AAE}.Release|x64.ActiveCfg = Release|Any CPU
		{D0CFCC17-B71E-4B69-93C3-76DA46D18AAE}.Release|x64.Build.0 = Release|Any CPU
		{D0CFCC17-B71E-4B69-93C3-76DA46D18AAE}.Release|x86.ActiveCfg = Release|Any CPU
		{D0CFCC17-B71E-4B69-93C3-76DA46D18AAE}.Release|x86.Build.0 = Release|Any CPU
	EndGlobalSection
EndGlobal
